// !$*UTF8*$!
{
	archiveVersion = 1;
	classes = {
	};
	objectVersion = 50;
	objects = {

/* Begin PBXBuildFile section */
		169E005A20DF1BFF007EC40A /* AppDelegate.swift in Sources */ = {isa = PBXBuildFile; fileRef = 169E005920DF1BFF007EC40A /* AppDelegate.swift */; };
		169E005C20DF1BFF007EC40A /* ViewController.swift in Sources */ = {isa = PBXBuildFile; fileRef = 169E005B20DF1BFF007EC40A /* ViewController.swift */; };
		169E005F20DF1BFF007EC40A /* Main.storyboard in Resources */ = {isa = PBXBuildFile; fileRef = 169E005D20DF1BFF007EC40A /* Main.storyboard */; };
		169E006120DF1C03007EC40A /* Assets.xcassets in Resources */ = {isa = PBXBuildFile; fileRef = 169E006020DF1C03007EC40A /* Assets.xcassets */; };
		169E006420DF1C03007EC40A /* LaunchScreen.storyboard in Resources */ = {isa = PBXBuildFile; fileRef = 169E006220DF1C03007EC40A /* LaunchScreen.storyboard */; };
		16E1725F20DF5AC6006556F1 /* GoogleService-Info.plist in Resources */ = {isa = PBXBuildFile; fileRef = 16E1725E20DF5AC6006556F1 /* GoogleService-Info.plist */; };
		16E1726220DF6F53006556F1 /* StringResource.swift in Sources */ = {isa = PBXBuildFile; fileRef = 16E1726120DF6F53006556F1 /* StringResource.swift */; };
		16E1726420DFE80F006556F1 /* DataController.swift in Sources */ = {isa = PBXBuildFile; fileRef = 16E1726320DFE80F006556F1 /* DataController.swift */; };
		6F82C1D25C26392D1DFCDF6F /* Pods_Transference.framework in Frameworks */ = {isa = PBXBuildFile; fileRef = B854AD8490B24EDC8D6A6755 /* Pods_Transference.framework */; };
		9DCE89DF20E0D4D00039EB92 /* PayeeTableViewController.swift in Sources */ = {isa = PBXBuildFile; fileRef = 9DCE89DD20E0D4D00039EB92 /* PayeeTableViewController.swift */; };
		9DCE89E020E0D4D00039EB92 /* PayeeTableViewController.xib in Resources */ = {isa = PBXBuildFile; fileRef = 9DCE89DE20E0D4D00039EB92 /* PayeeTableViewController.xib */; };
		9DCE89E620E0DC270039EB92 /* PayeeTableViewCell.swift in Sources */ = {isa = PBXBuildFile; fileRef = 9DCE89E420E0DC270039EB92 /* PayeeTableViewCell.swift */; };
/* End PBXBuildFile section */

/* Begin PBXFileReference section */
		169E005620DF1BFF007EC40A /* Transference.app */ = {isa = PBXFileReference; explicitFileType = wrapper.application; includeInIndex = 0; path = Transference.app; sourceTree = BUILT_PRODUCTS_DIR; };
		169E005920DF1BFF007EC40A /* AppDelegate.swift */ = {isa = PBXFileReference; lastKnownFileType = sourcecode.swift; path = AppDelegate.swift; sourceTree = "<group>"; };
		169E005B20DF1BFF007EC40A /* ViewController.swift */ = {isa = PBXFileReference; lastKnownFileType = sourcecode.swift; path = ViewController.swift; sourceTree = "<group>"; };
		169E005E20DF1BFF007EC40A /* Base */ = {isa = PBXFileReference; lastKnownFileType = file.storyboard; name = Base; path = Base.lproj/Main.storyboard; sourceTree = "<group>"; };
		169E006020DF1C03007EC40A /* Assets.xcassets */ = {isa = PBXFileReference; lastKnownFileType = folder.assetcatalog; path = Assets.xcassets; sourceTree = "<group>"; };
		169E006320DF1C03007EC40A /* Base */ = {isa = PBXFileReference; lastKnownFileType = file.storyboard; name = Base; path = Base.lproj/LaunchScreen.storyboard; sourceTree = "<group>"; };
		169E006520DF1C03007EC40A /* Info.plist */ = {isa = PBXFileReference; lastKnownFileType = text.plist.xml; path = Info.plist; sourceTree = "<group>"; };
		16E1725E20DF5AC6006556F1 /* GoogleService-Info.plist */ = {isa = PBXFileReference; fileEncoding = 4; lastKnownFileType = text.plist.xml; path = "GoogleService-Info.plist"; sourceTree = "<group>"; };
		16E1726120DF6F53006556F1 /* StringResource.swift */ = {isa = PBXFileReference; lastKnownFileType = sourcecode.swift; path = StringResource.swift; sourceTree = "<group>"; };
		16E1726320DFE80F006556F1 /* DataController.swift */ = {isa = PBXFileReference; fileEncoding = 4; lastKnownFileType = sourcecode.swift; path = DataController.swift; sourceTree = "<group>"; };
		772C19B9AA19F2C3F103CE4C /* Pods-Transference.debug.xcconfig */ = {isa = PBXFileReference; includeInIndex = 1; lastKnownFileType = text.xcconfig; name = "Pods-Transference.debug.xcconfig"; path = "Pods/Target Support Files/Pods-Transference/Pods-Transference.debug.xcconfig"; sourceTree = "<group>"; };
		9919955E00E309E6F0E51E35 /* Pods-Transference.release.xcconfig */ = {isa = PBXFileReference; includeInIndex = 1; lastKnownFileType = text.xcconfig; name = "Pods-Transference.release.xcconfig"; path = "Pods/Target Support Files/Pods-Transference/Pods-Transference.release.xcconfig"; sourceTree = "<group>"; };
		9DCE89DD20E0D4D00039EB92 /* PayeeTableViewController.swift */ = {isa = PBXFileReference; lastKnownFileType = sourcecode.swift; path = PayeeTableViewController.swift; sourceTree = "<group>"; };
		9DCE89DE20E0D4D00039EB92 /* PayeeTableViewController.xib */ = {isa = PBXFileReference; lastKnownFileType = file.xib; path = PayeeTableViewController.xib; sourceTree = "<group>"; };
		9DCE89E420E0DC270039EB92 /* PayeeTableViewCell.swift */ = {isa = PBXFileReference; lastKnownFileType = sourcecode.swift; path = PayeeTableViewCell.swift; sourceTree = "<group>"; };
		B854AD8490B24EDC8D6A6755 /* Pods_Transference.framework */ = {isa = PBXFileReference; explicitFileType = wrapper.framework; includeInIndex = 0; path = Pods_Transference.framework; sourceTree = BUILT_PRODUCTS_DIR; };
/* End PBXFileReference section */

/* Begin PBXFrameworksBuildPhase section */
		169E005320DF1BFF007EC40A /* Frameworks */ = {
			isa = PBXFrameworksBuildPhase;
			buildActionMask = 2147483647;
			files = (
				6F82C1D25C26392D1DFCDF6F /* Pods_Transference.framework in Frameworks */,
			);
			runOnlyForDeploymentPostprocessing = 0;
		};
/* End PBXFrameworksBuildPhase section */

/* Begin PBXGroup section */
		06E489014003593FA2005435 /* Frameworks */ = {
			isa = PBXGroup;
			children = (
				B854AD8490B24EDC8D6A6755 /* Pods_Transference.framework */,
			);
			name = Frameworks;
			sourceTree = "<group>";
		};
		169E004D20DF1BFF007EC40A = {
			isa = PBXGroup;
			children = (
				169E005820DF1BFF007EC40A /* Transference */,
				169E005720DF1BFF007EC40A /* Products */,
				A6ECD10FCA21A24EDEAC27E3 /* Pods */,
				06E489014003593FA2005435 /* Frameworks */,
			);
			sourceTree = "<group>";
		};
		169E005720DF1BFF007EC40A /* Products */ = {
			isa = PBXGroup;
			children = (
				169E005620DF1BFF007EC40A /* Transference.app */,
			);
			name = Products;
			sourceTree = "<group>";
		};
		169E005820DF1BFF007EC40A /* Transference */ = {
			isa = PBXGroup;
			children = (
				169E005920DF1BFF007EC40A /* AppDelegate.swift */,
				169E005B20DF1BFF007EC40A /* ViewController.swift */,
				9DCE89E120E0D4D50039EB92 /* PayeeViewController */,
				9DCE89DC20E0D4880039EB92 /* DataController */,
				16E1726020DF6F2B006556F1 /* StringResource */,
				16E1725E20DF5AC6006556F1 /* GoogleService-Info.plist */,
				169E005D20DF1BFF007EC40A /* Main.storyboard */,
				169E006020DF1C03007EC40A /* Assets.xcassets */,
				169E006220DF1C03007EC40A /* LaunchScreen.storyboard */,
				169E006520DF1C03007EC40A /* Info.plist */,
			);
			path = Transference;
			sourceTree = "<group>";
		};
		16E1726020DF6F2B006556F1 /* StringResource */ = {
			isa = PBXGroup;
			children = (
				16E1726120DF6F53006556F1 /* StringResource.swift */,
			);
			path = StringResource;
			sourceTree = "<group>";
		};
		9DCE89DC20E0D4880039EB92 /* DataController */ = {
			isa = PBXGroup;
			children = (
				16E1726320DFE80F006556F1 /* DataController.swift */,
			);
			path = DataController;
			sourceTree = "<group>";
		};
		9DCE89E120E0D4D50039EB92 /* PayeeViewController */ = {
			isa = PBXGroup;
			children = (
				9DCE89DD20E0D4D00039EB92 /* PayeeTableViewController.swift */,
				9DCE89E420E0DC270039EB92 /* PayeeTableViewCell.swift */,
				9DCE89DE20E0D4D00039EB92 /* PayeeTableViewController.xib */,
			);
			path = PayeeViewController;
			sourceTree = "<group>";
		};
		A6ECD10FCA21A24EDEAC27E3 /* Pods */ = {
			isa = PBXGroup;
			children = (
				772C19B9AA19F2C3F103CE4C /* Pods-Transference.debug.xcconfig */,
				9919955E00E309E6F0E51E35 /* Pods-Transference.release.xcconfig */,
			);
			name = Pods;
			sourceTree = "<group>";
		};
/* End PBXGroup section */

/* Begin PBXNativeTarget section */
		169E005520DF1BFF007EC40A /* Transference */ = {
			isa = PBXNativeTarget;
			buildConfigurationList = 169E006820DF1C03007EC40A /* Build configuration list for PBXNativeTarget "Transference" */;
			buildPhases = (
				0883EC704F3579A2980DD67A /* [CP] Check Pods Manifest.lock */,
				169E005220DF1BFF007EC40A /* Sources */,
				169E005320DF1BFF007EC40A /* Frameworks */,
				169E005420DF1BFF007EC40A /* Resources */,
				BD10E3B3B8334B58C2811C49 /* [CP] Embed Pods Frameworks */,
				537766050606F76689F7F161 /* [CP] Copy Pods Resources */,
			);
			buildRules = (
			);
			dependencies = (
			);
			name = Transference;
			productName = Transference;
			productReference = 169E005620DF1BFF007EC40A /* Transference.app */;
			productType = "com.apple.product-type.application";
		};
/* End PBXNativeTarget section */

/* Begin PBXProject section */
		169E004E20DF1BFF007EC40A /* Project object */ = {
			isa = PBXProject;
			attributes = {
				LastSwiftUpdateCheck = 0940;
				LastUpgradeCheck = 0940;
				ORGANIZATIONNAME = xpd54;
				TargetAttributes = {
					169E005520DF1BFF007EC40A = {
						CreatedOnToolsVersion = 9.4;
					};
				};
			};
			buildConfigurationList = 169E005120DF1BFF007EC40A /* Build configuration list for PBXProject "Transference" */;
			compatibilityVersion = "Xcode 9.3";
			developmentRegion = en;
			hasScannedForEncodings = 0;
			knownRegions = (
				en,
				Base,
			);
			mainGroup = 169E004D20DF1BFF007EC40A;
			productRefGroup = 169E005720DF1BFF007EC40A /* Products */;
			projectDirPath = "";
			projectRoot = "";
			targets = (
				169E005520DF1BFF007EC40A /* Transference */,
			);
		};
/* End PBXProject section */

/* Begin PBXResourcesBuildPhase section */
		169E005420DF1BFF007EC40A /* Resources */ = {
			isa = PBXResourcesBuildPhase;
			buildActionMask = 2147483647;
			files = (
				169E006420DF1C03007EC40A /* LaunchScreen.storyboard in Resources */,
				16E1725F20DF5AC6006556F1 /* GoogleService-Info.plist in Resources */,
				9DCE89E020E0D4D00039EB92 /* PayeeTableViewController.xib in Resources */,
				169E006120DF1C03007EC40A /* Assets.xcassets in Resources */,
				169E005F20DF1BFF007EC40A /* Main.storyboard in Resources */,
			);
			runOnlyForDeploymentPostprocessing = 0;
		};
/* End PBXResourcesBuildPhase section */

/* Begin PBXShellScriptBuildPhase section */
		0883EC704F3579A2980DD67A /* [CP] Check Pods Manifest.lock */ = {
			isa = PBXShellScriptBuildPhase;
			buildActionMask = 2147483647;
			files = (
			);
			inputPaths = (
				"${PODS_PODFILE_DIR_PATH}/Podfile.lock",
				"${PODS_ROOT}/Manifest.lock",
			);
			name = "[CP] Check Pods Manifest.lock";
			outputPaths = (
				"$(DERIVED_FILE_DIR)/Pods-Transference-checkManifestLockResult.txt",
			);
			runOnlyForDeploymentPostprocessing = 0;
			shellPath = /bin/sh;
			shellScript = "diff \"${PODS_PODFILE_DIR_PATH}/Podfile.lock\" \"${PODS_ROOT}/Manifest.lock\" > /dev/null\nif [ $? != 0 ] ; then\n    # print error to STDERR\n    echo \"error: The sandbox is not in sync with the Podfile.lock. Run 'pod install' or update your CocoaPods installation.\" >&2\n    exit 1\nfi\n# This output is used by Xcode 'outputs' to avoid re-running this script phase.\necho \"SUCCESS\" > \"${SCRIPT_OUTPUT_FILE_0}\"\n";
			showEnvVarsInLog = 0;
		};
		537766050606F76689F7F161 /* [CP] Copy Pods Resources */ = {
			isa = PBXShellScriptBuildPhase;
			buildActionMask = 2147483647;
			files = (
			);
			inputPaths = (
				"${SRCROOT}/Pods/Target Support Files/Pods-Transference/Pods-Transference-resources.sh",
				"${PODS_CONFIGURATION_BUILD_DIR}/FirebaseUI/FirebaseAuthUI.bundle",
				"${PODS_CONFIGURATION_BUILD_DIR}/FirebaseUI/FirebaseGoogleAuthUI.bundle",
				"${PODS_ROOT}/GoogleSignIn/Resources/GoogleSignIn.bundle",
			);
			name = "[CP] Copy Pods Resources";
			outputPaths = (
				"${TARGET_BUILD_DIR}/${UNLOCALIZED_RESOURCES_FOLDER_PATH}/FirebaseAuthUI.bundle",
				"${TARGET_BUILD_DIR}/${UNLOCALIZED_RESOURCES_FOLDER_PATH}/FirebaseGoogleAuthUI.bundle",
				"${TARGET_BUILD_DIR}/${UNLOCALIZED_RESOURCES_FOLDER_PATH}/GoogleSignIn.bundle",
			);
			runOnlyForDeploymentPostprocessing = 0;
			shellPath = /bin/sh;
			shellScript = "\"${SRCROOT}/Pods/Target Support Files/Pods-Transference/Pods-Transference-resources.sh\"\n";
			showEnvVarsInLog = 0;
		};
		BD10E3B3B8334B58C2811C49 /* [CP] Embed Pods Frameworks */ = {
			isa = PBXShellScriptBuildPhase;
			buildActionMask = 2147483647;
			files = (
			);
			inputPaths = (
				"${SRCROOT}/Pods/Target Support Files/Pods-Transference/Pods-Transference-frameworks.sh",
				"${BUILT_PRODUCTS_DIR}/GTMOAuth2/GTMOAuth2.framework",
				"${BUILT_PRODUCTS_DIR}/GTMSessionFetcher/GTMSessionFetcher.framework",
				"${BUILT_PRODUCTS_DIR}/GoogleToolboxForMac/GoogleToolboxForMac.framework",
				"${BUILT_PRODUCTS_DIR}/leveldb-library/leveldb.framework",
				"${BUILT_PRODUCTS_DIR}/nanopb/nanopb.framework",
			);
			name = "[CP] Embed Pods Frameworks";
			outputPaths = (
				"${TARGET_BUILD_DIR}/${FRAMEWORKS_FOLDER_PATH}/GTMOAuth2.framework",
				"${TARGET_BUILD_DIR}/${FRAMEWORKS_FOLDER_PATH}/GTMSessionFetcher.framework",
				"${TARGET_BUILD_DIR}/${FRAMEWORKS_FOLDER_PATH}/GoogleToolboxForMac.framework",
				"${TARGET_BUILD_DIR}/${FRAMEWORKS_FOLDER_PATH}/leveldb.framework",
				"${TARGET_BUILD_DIR}/${FRAMEWORKS_FOLDER_PATH}/nanopb.framework",
			);
			runOnlyForDeploymentPostprocessing = 0;
			shellPath = /bin/sh;
			shellScript = "\"${SRCROOT}/Pods/Target Support Files/Pods-Transference/Pods-Transference-frameworks.sh\"\n";
			showEnvVarsInLog = 0;
		};
/* End PBXShellScriptBuildPhase section */

/* Begin PBXSourcesBuildPhase section */
		169E005220DF1BFF007EC40A /* Sources */ = {
			isa = PBXSourcesBuildPhase;
			buildActionMask = 2147483647;
			files = (
				9DCE89E620E0DC270039EB92 /* PayeeTableViewCell.swift in Sources */,
				16E1726220DF6F53006556F1 /* StringResource.swift in Sources */,
				16E1726420DFE80F006556F1 /* DataController.swift in Sources */,
				9DCE89DF20E0D4D00039EB92 /* PayeeTableViewController.swift in Sources */,
				169E005C20DF1BFF007EC40A /* ViewController.swift in Sources */,
				169E005A20DF1BFF007EC40A /* AppDelegate.swift in Sources */,
			);
			runOnlyForDeploymentPostprocessing = 0;
		};
/* End PBXSourcesBuildPhase section */

/* Begin PBXVariantGroup section */
		169E005D20DF1BFF007EC40A /* Main.storyboard */ = {
			isa = PBXVariantGroup;
			children = (
				169E005E20DF1BFF007EC40A /* Base */,
			);
			name = Main.storyboard;
			sourceTree = "<group>";
		};
		169E006220DF1C03007EC40A /* LaunchScreen.storyboard */ = {
			isa = PBXVariantGroup;
			children = (
				169E006320DF1C03007EC40A /* Base */,
			);
			name = LaunchScreen.storyboard;
			sourceTree = "<group>";
		};
/* End PBXVariantGroup section */

/* Begin XCBuildConfiguration section */
		169E006620DF1C03007EC40A /* Debug */ = {
			isa = XCBuildConfiguration;
			buildSettings = {
				ALWAYS_SEARCH_USER_PATHS = NO;
				CLANG_ANALYZER_NONNULL = YES;
				CLANG_ANALYZER_NUMBER_OBJECT_CONVERSION = YES_AGGRESSIVE;
				CLANG_CXX_LANGUAGE_STANDARD = "gnu++14";
				CLANG_CXX_LIBRARY = "libc++";
				CLANG_ENABLE_MODULES = YES;
				CLANG_ENABLE_OBJC_ARC = YES;
				CLANG_ENABLE_OBJC_WEAK = YES;
				CLANG_WARN_BLOCK_CAPTURE_AUTORELEASING = YES;
				CLANG_WARN_BOOL_CONVERSION = YES;
				CLANG_WARN_COMMA = YES;
				CLANG_WARN_CONSTANT_CONVERSION = YES;
				CLANG_WARN_DEPRECATED_OBJC_IMPLEMENTATIONS = YES;
				CLANG_WARN_DIRECT_OBJC_ISA_USAGE = YES_ERROR;
				CLANG_WARN_DOCUMENTATION_COMMENTS = YES;
				CLANG_WARN_EMPTY_BODY = YES;
				CLANG_WARN_ENUM_CONVERSION = YES;
				CLANG_WARN_INFINITE_RECURSION = YES;
				CLANG_WARN_INT_CONVERSION = YES;
				CLANG_WARN_NON_LITERAL_NULL_CONVERSION = YES;
				CLANG_WARN_OBJC_IMPLICIT_RETAIN_SELF = YES;
				CLANG_WARN_OBJC_LITERAL_CONVERSION = YES;
				CLANG_WARN_OBJC_ROOT_CLASS = YES_ERROR;
				CLANG_WARN_RANGE_LOOP_ANALYSIS = YES;
				CLANG_WARN_STRICT_PROTOTYPES = YES;
				CLANG_WARN_SUSPICIOUS_MOVE = YES;
				CLANG_WARN_UNGUARDED_AVAILABILITY = YES_AGGRESSIVE;
				CLANG_WARN_UNREACHABLE_CODE = YES;
				CLANG_WARN__DUPLICATE_METHOD_MATCH = YES;
				CODE_SIGN_IDENTITY = "iPhone Developer";
				COPY_PHASE_STRIP = NO;
				DEBUG_INFORMATION_FORMAT = dwarf;
				ENABLE_STRICT_OBJC_MSGSEND = YES;
				ENABLE_TESTABILITY = YES;
				GCC_C_LANGUAGE_STANDARD = gnu11;
				GCC_DYNAMIC_NO_PIC = NO;
				GCC_NO_COMMON_BLOCKS = YES;
				GCC_OPTIMIZATION_LEVEL = 0;
				GCC_PREPROCESSOR_DEFINITIONS = (
					"DEBUG=1",
					"$(inherited)",
				);
				GCC_WARN_64_TO_32_BIT_CONVERSION = YES;
				GCC_WARN_ABOUT_RETURN_TYPE = YES_ERROR;
				GCC_WARN_UNDECLARED_SELECTOR = YES;
				GCC_WARN_UNINITIALIZED_AUTOS = YES_AGGRESSIVE;
				GCC_WARN_UNUSED_FUNCTION = YES;
				GCC_WARN_UNUSED_VARIABLE = YES;
				IPHONEOS_DEPLOYMENT_TARGET = 11.4;
				MTL_ENABLE_DEBUG_INFO = YES;
				ONLY_ACTIVE_ARCH = YES;
				SDKROOT = iphoneos;
				SWIFT_ACTIVE_COMPILATION_CONDITIONS = DEBUG;
				SWIFT_OPTIMIZATION_LEVEL = "-Onone";
			};
			name = Debug;
		};
		169E006720DF1C03007EC40A /* Release */ = {
			isa = XCBuildConfiguration;
			buildSettings = {
				ALWAYS_SEARCH_USER_PATHS = NO;
				CLANG_ANALYZER_NONNULL = YES;
				CLANG_ANALYZER_NUMBER_OBJECT_CONVERSION = YES_AGGRESSIVE;
				CLANG_CXX_LANGUAGE_STANDARD = "gnu++14";
				CLANG_CXX_LIBRARY = "libc++";
				CLANG_ENABLE_MODULES = YES;
				CLANG_ENABLE_OBJC_ARC = YES;
				CLANG_ENABLE_OBJC_WEAK = YES;
				CLANG_WARN_BLOCK_CAPTURE_AUTORELEASING = YES;
				CLANG_WARN_BOOL_CONVERSION = YES;
				CLANG_WARN_COMMA = YES;
				CLANG_WARN_CONSTANT_CONVERSION = YES;
				CLANG_WARN_DEPRECATED_OBJC_IMPLEMENTATIONS = YES;
				CLANG_WARN_DIRECT_OBJC_ISA_USAGE = YES_ERROR;
				CLANG_WARN_DOCUMENTATION_COMMENTS = YES;
				CLANG_WARN_EMPTY_BODY = YES;
				CLANG_WARN_ENUM_CONVERSION = YES;
				CLANG_WARN_INFINITE_RECURSION = YES;
				CLANG_WARN_INT_CONVERSION = YES;
				CLANG_WARN_NON_LITERAL_NULL_CONVERSION = YES;
				CLANG_WARN_OBJC_IMPLICIT_RETAIN_SELF = YES;
				CLANG_WARN_OBJC_LITERAL_CONVERSION = YES;
				CLANG_WARN_OBJC_ROOT_CLASS = YES_ERROR;
				CLANG_WARN_RANGE_LOOP_ANALYSIS = YES;
				CLANG_WARN_STRICT_PROTOTYPES = YES;
				CLANG_WARN_SUSPICIOUS_MOVE = YES;
				CLANG_WARN_UNGUARDED_AVAILABILITY = YES_AGGRESSIVE;
				CLANG_WARN_UNREACHABLE_CODE = YES;
				CLANG_WARN__DUPLICATE_METHOD_MATCH = YES;
				CODE_SIGN_IDENTITY = "iPhone Developer";
				COPY_PHASE_STRIP = NO;
				DEBUG_INFORMATION_FORMAT = "dwarf-with-dsym";
				ENABLE_NS_ASSERTIONS = NO;
				ENABLE_STRICT_OBJC_MSGSEND = YES;
				GCC_C_LANGUAGE_STANDARD = gnu11;
				GCC_NO_COMMON_BLOCKS = YES;
				GCC_WARN_64_TO_32_BIT_CONVERSION = YES;
				GCC_WARN_ABOUT_RETURN_TYPE = YES_ERROR;
				GCC_WARN_UNDECLARED_SELECTOR = YES;
				GCC_WARN_UNINITIALIZED_AUTOS = YES_AGGRESSIVE;
				GCC_WARN_UNUSED_FUNCTION = YES;
				GCC_WARN_UNUSED_VARIABLE = YES;
				IPHONEOS_DEPLOYMENT_TARGET = 11.4;
				MTL_ENABLE_DEBUG_INFO = NO;
				SDKROOT = iphoneos;
				SWIFT_COMPILATION_MODE = wholemodule;
				SWIFT_OPTIMIZATION_LEVEL = "-O";
				VALIDATE_PRODUCT = YES;
			};
			name = Release;
		};
		169E006920DF1C03007EC40A /* Debug */ = {
			isa = XCBuildConfiguration;
			baseConfigurationReference = 772C19B9AA19F2C3F103CE4C /* Pods-Transference.debug.xcconfig */;
			buildSettings = {
				ASSETCATALOG_COMPILER_APPICON_NAME = AppIcon;
				CODE_SIGN_STYLE = Automatic;
				DEVELOPMENT_TEAM = N24QP68ST7;
				INFOPLIST_FILE = Transference/Info.plist;
				IPHONEOS_DEPLOYMENT_TARGET = 10.0;
				LD_RUNPATH_SEARCH_PATHS = (
					"$(inherited)",
					"@executable_path/Frameworks",
				);
				PRODUCT_BUNDLE_IDENTIFIER = com.xpd54.Transference;
				PRODUCT_NAME = "$(TARGET_NAME)";
				SWIFT_VERSION = 4.0;
				TARGETED_DEVICE_FAMILY = "1,2";
			};
			name = Debug;
		};
		169E006A20DF1C03007EC40A /* Release */ = {
			isa = XCBuildConfiguration;
			baseConfigurationReference = 9919955E00E309E6F0E51E35 /* Pods-Transference.release.xcconfig */;
			buildSettings = {
				ASSETCATALOG_COMPILER_APPICON_NAME = AppIcon;
				CODE_SIGN_STYLE = Automatic;
				DEVELOPMENT_TEAM = N24QP68ST7;
				INFOPLIST_FILE = Transference/Info.plist;
				IPHONEOS_DEPLOYMENT_TARGET = 10.0;
				LD_RUNPATH_SEARCH_PATHS = (
					"$(inherited)",
					"@executable_path/Frameworks",
				);
				PRODUCT_BUNDLE_IDENTIFIER = com.xpd54.Transference;
				PRODUCT_NAME = "$(TARGET_NAME)";
				SWIFT_VERSION = 4.0;
				TARGETED_DEVICE_FAMILY = "1,2";
			};
			name = Release;
		};
/* End XCBuildConfiguration section */

/* Begin XCConfigurationList section */
		169E005120DF1BFF007EC40A /* Build configuration list for PBXProject "Transference" */ = {
			isa = XCConfigurationList;
			buildConfigurations = (
				169E006620DF1C03007EC40A /* Debug */,
				169E006720DF1C03007EC40A /* Release */,
			);
			defaultConfigurationIsVisible = 0;
			defaultConfigurationName = Release;
		};
		169E006820DF1C03007EC40A /* Build configuration list for PBXNativeTarget "Transference" */ = {
			isa = XCConfigurationList;
			buildConfigurations = (
				169E006920DF1C03007EC40A /* Debug */,
				169E006A20DF1C03007EC40A /* Release */,
			);
			defaultConfigurationIsVisible = 0;
			defaultConfigurationName = Release;
		};
/* End XCConfigurationList section */
	};
	rootObject = 169E004E20DF1BFF007EC40A /* Project object */;
}
